
Microsoft Visual Studio Solution File, Format Version 12.00
# Visual Studio for Mac
Project("{FAE04EC0-301F-11D3-BF4B-00C04F79EFBC}") = "Assembly-CSharp", "Assembly-CSharp.csproj", "{799447C4-0C7C-8DFE-52C1-2AA01F204DA3}"
EndProject
Project("{FAE04EC0-301F-11D3-BF4B-00C04F79EFBC}") = "Assembly-CSharp-Editor", "Assembly-CSharp-Editor.csproj", "{4F2B765D-44F3-FE4F-D2B4-38146AEFA035}"
EndProject
Global
	GlobalSection(SolutionConfigurationPlatforms) = preSolution
		Debug|Any CPU = Debug|Any CPU
		Release|Any CPU = Release|Any CPU
	EndGlobalSection
	GlobalSection(ProjectConfigurationPlatforms) = postSolution
		{799447C4-0C7C-8DFE-52C1-2AA01F204DA3}.Debug|Any CPU.ActiveCfg = Debug|Any CPU
		{799447C4-0C7C-8DFE-52C1-2AA01F204DA3}.Debug|Any CPU.Build.0 = Debug|Any CPU
		{799447C4-0C7C-8DFE-52C1-2AA01F204DA3}.Release|Any CPU.ActiveCfg = Release|Any CPU
		{799447C4-0C7C-8DFE-52C1-2AA01F204DA3}.Release|Any CPU.Build.0 = Release|Any CPU
		{4F2B765D-44F3-FE4F-D2B4-38146AEFA035}.Debug|Any CPU.ActiveCfg = Debug|Any CPU
		{4F2B765D-44F3-FE4F-D2B4-38146AEFA035}.Debug|Any CPU.Build.0 = Debug|Any CPU
		{4F2B765D-44F3-FE4F-D2B4-38146AEFA035}.Release|Any CPU.ActiveCfg = Release|Any CPU
		{4F2B765D-44F3-FE4F-D2B4-38146AEFA035}.Release|Any CPU.Build.0 = Release|Any CPU
	EndGlobalSection
	GlobalSection(SolutionProperties) = preSolution
		HideSolutionNode = FALSE
	EndGlobalSection
EndGlobal
